
Microsoft Visual Studio Solution File, Format Version 12.00
# Visual Studio Version 17
VisualStudioVersion = 17.0.32126.317
MinimumVisualStudioVersion = 10.0.40219.1
Project("{FAE04EC0-301F-11D3-BF4B-00C04F79EFBC}") = "Users", "Users\Users.csproj", "{91A22CAC-E1DB-4D1E-8771-E62FA1E3A1F7}"
EndProject
Global
	GlobalSection(SolutionConfigurationPlatforms) = preSolution
		Debug|Any CPU = Debug|Any CPU
		Release|Any CPU = Release|Any CPU
	EndGlobalSection
	GlobalSection(ProjectConfigurationPlatforms) = postSolution
		{91A22CAC-E1DB-4D1E-8771-E62FA1E3A1F7}.Debug|Any CPU.ActiveCfg = Debug|Any CPU
		{91A22CAC-E1DB-4D1E-8771-E62FA1E3A1F7}.Debug|Any CPU.Build.0 = Debug|Any CPU
		{91A22CAC-E1DB-4D1E-8771-E62FA1E3A1F7}.Release|Any CPU.ActiveCfg = Release|Any CPU
		{91A22CAC-E1DB-4D1E-8771-E62FA1E3A1F7}.Release|Any CPU.Build.0 = Release|Any CPU
	EndGlobalSection
	GlobalSection(SolutionProperties) = preSolution
		HideSolutionNode = FALSE
	EndGlobalSection
	GlobalSection(ExtensibilityGlobals) = postSolution
		SolutionGuid = {F651E9AD-C4F3-47DF-BAAF-9641CCA3C33F}
	EndGlobalSection
EndGlobal
